# THIS IS AN AUTOGENERATED FILE. DO NOT EDIT THIS FILE DIRECTLY.
# yarn lockfile v1


serverless-http@^3.2.0:
  version "3.2.0"
  resolved "https://registry.yarnpkg.com/serverless-http/-/serverless-http-3.2.0.tgz#68acc7735f7c876733c04f038ee20f31f5ebfc9b"
  integrity sha512-QvSyZXljRLIGqwcJ4xsKJXwkZnAVkse1OajepxfjkBXV0BMvRS5R546Z4kCBI8IygDzkQY0foNPC/rnipaE9pQ==

swagger-ui-dist@>=5.0.0:
  version "5.10.3"
  resolved "https://registry.yarnpkg.com/swagger-ui-dist/-/swagger-ui-dist-5.10.3.tgz#903adbfbecc0670a802b6d8b770e5dd07b5a36cb"
  integrity sha512-fu3aozjxFWsmcO1vyt1q1Ji2kN7KlTd1vHy27E9WgPyXo9nrEzhQPqgxaAjbMsOmb8XFKNGo4Sa3Q+84Fh+pFw==

swagger-ui-express@^5.0.0:
  version "5.0.0"
  resolved "https://registry.yarnpkg.com/swagger-ui-express/-/swagger-ui-express-5.0.0.tgz#7a00a18dd909574cb0d628574a299b9ba53d4d49"
  integrity sha512-tsU9tODVvhyfkNSvf03E6FAk+z+5cU3lXAzMy6Pv4av2Gt2xA0++fogwC4qo19XuFf6hdxevPuVCSKFuMHJhFA==
  dependencies:
    swagger-ui-dist ">=5.0.0"
